Microsoft Visual Studio Solution File, Format Version 12.00
# Visual Studio Version 17
VisualStudioVersion = 17.5.2.0
MinimumVisualStudioVersion = 10.0.40219.1
Project("{2150E333-8FDC-42A3-9474-1A3956D46DE8}") = "Backend", "Backend", "{1AE8ACA6-933B-BF2A-3671-3E2EAC007D16}"
EndProject
Project("{FAE04EC0-301F-11D3-BF4B-00C04F79EFBC}") = "ChallengeTracker.Api", "Backend\ChallengeTracker.Api\ChallengeTracker.Api.csproj", "{BDD51036-FF6A-830E-3624-05271A8E8B0C}"
EndProject
Global
	GlobalSection(SolutionConfigurationPlatforms) = preSolution
		Debug|Any CPU = Debug|Any CPU
		Release|Any CPU = Release|Any CPU
	EndGlobalSection
	GlobalSection(ProjectConfigurationPlatforms) = postSolution
		{BDD51036-FF6A-830E-3624-05271A8E8B0C}.Debug|Any CPU.ActiveCfg = Debug|Any CPU
		{BDD51036-FF6A-830E-3624-05271A8E8B0C}.Debug|Any CPU.Build.0 = Debug|Any CPU
		{BDD51036-FF6A-830E-3624-05271A8E8B0C}.Release|Any CPU.ActiveCfg = Release|Any CPU
		{BDD51036-FF6A-830E-3624-05271A8E8B0C}.Release|Any CPU.Build.0 = Release|Any CPU
	EndGlobalSection
	GlobalSection(SolutionProperties) = preSolution
		HideSolutionNode = FALSE
	EndGlobalSection
	GlobalSection(NestedProjects) = preSolution
		{BDD51036-FF6A-830E-3624-05271A8E8B0C} = {1AE8ACA6-933B-BF2A-3671-3E2EAC007D16}
	EndGlobalSection
	GlobalSection(ExtensibilityGlobals) = postSolution
		SolutionGuid = {F0E6C71A-7B7F-4AF6-98D5-2CCC2506773E}
	EndGlobalSection
EndGlobal
